
Microsoft Visual Studio Solution File, Format Version 12.00
# Visual Studio Version 18
VisualStudioVersion = 18.3.11520.95 d18.3
MinimumVisualStudioVersion = 10.0.40219.1
Project("{2150E333-8FDC-42A3-9474-1A3956D46DE8}") = "src", "src", "{827E0CD3-B72D-47B6-A68D-7590B98EB39B}"
EndProject
Project("{FAE04EC0-301F-11D3-BF4B-00C04F79EFBC}") = "UPZMG.Shared", "src\UPZMG.Shared\UPZMG.Shared.csproj", "{DD385067-EC7D-42FF-89B8-EF26DDD37FEB}"
EndProject
Project("{FAE04EC0-301F-11D3-BF4B-00C04F79EFBC}") = "UPZMG.Api", "src\UPZMG.Api\UPZMG.Api.csproj", "{D3F25493-3F6A-42D7-BB0A-768241A168CF}"
EndProject
Project("{FAE04EC0-301F-11D3-BF4B-00C04F79EFBC}") = "UPZMG.Web", "src\UPZMG.Web\UPZMG.Web.csproj", "{D835F4E6-F63D-4064-BF51-220917739B10}"
EndProject
Project("{FAE04EC0-301F-11D3-BF4B-00C04F79EFBC}") = "UPZMG.Persistence", "src\UPZMG.Persistence\UPZMG.Persistence.csproj", "{118DB846-0A0A-4854-B09A-A52BDDC34719}"
EndProject
Project("{2150E333-8FDC-42A3-9474-1A3956D46DE8}") = "Modules", "Modules", "{EC447DCF-ABFA-6E24-52A5-D7FD48A5C558}"
EndProject
Project("{FAE04EC0-301F-11D3-BF4B-00C04F79EFBC}") = "UPZMG.Academic", "src\Modules\UPZMG.Academic\UPZMG.Academic.csproj", "{4A5FDBD7-C67F-4860-9752-819E295CD52A}"
EndProject
Project("{FAE04EC0-301F-11D3-BF4B-00C04F79EFBC}") = "UPZMG.RRHH", "src\Modules\UPZMG.RRHH\UPZMG.RRHH.csproj", "{9431778E-466A-4213-8A04-B7F7C4545629}"
EndProject
Project("{FAE04EC0-301F-11D3-BF4B-00C04F79EFBC}") = "UPZMG.Extension", "src\Modules\UPZMG.Extension\UPZMG.Extension.csproj", "{1CBEF9B4-5758-4D8B-A979-58DF2B1A5D51}"
EndProject
Project("{FAE04EC0-301F-11D3-BF4B-00C04F79EFBC}") = "UPZMG.Finance", "src\Modules\UPZMG.Finance\UPZMG.Finance.csproj", "{AE8C23A1-E838-4956-B7C6-790C7774450D}"
EndProject
Project("{FAE04EC0-301F-11D3-BF4B-00C04F79EFBC}") = "UPZMG.Resources", "src\Modules\UPZMG.Resources\UPZMG.Resources.csproj", "{9B96261C-1110-490E-9B31-F566D7CCAA54}"
EndProject
Project("{FAE04EC0-301F-11D3-BF4B-00C04F79EFBC}") = "UPZMG.Security", "src\Modules\UPZMG.Security\UPZMG.Security.csproj", "{A8958A7E-B224-A02E-D71D-3A3E021D02CE}"
EndProject
Global
	GlobalSection(SolutionConfigurationPlatforms) = preSolution
		Debug|Any CPU = Debug|Any CPU
		Debug|x64 = Debug|x64
		Debug|x86 = Debug|x86
		Release|Any CPU = Release|Any CPU
		Release|x64 = Release|x64
		Release|x86 = Release|x86
	EndGlobalSection
	GlobalSection(ProjectConfigurationPlatforms) = postSolution
		{DD385067-EC7D-42FF-89B8-EF26DDD37FEB}.Debug|Any CPU.ActiveCfg = Debug|Any CPU
		{DD385067-EC7D-42FF-89B8-EF26DDD37FEB}.Debug|Any CPU.Build.0 = Debug|Any CPU
		{DD385067-EC7D-42FF-89B8-EF26DDD37FEB}.Debug|x64.ActiveCfg = Debug|Any CPU
		{DD385067-EC7D-42FF-89B8-EF26DDD37FEB}.Debug|x64.Build.0 = Debug|Any CPU
		{DD385067-EC7D-42FF-89B8-EF26DDD37FEB}.Debug|x86.ActiveCfg = Debug|Any CPU
		{DD385067-EC7D-42FF-89B8-EF26DDD37FEB}.Debug|x86.Build.0 = Debug|Any CPU
		{DD385067-EC7D-42FF-89B8-EF26DDD37FEB}.Release|Any CPU.ActiveCfg = Release|Any CPU
		{DD385067-EC7D-42FF-89B8-EF26DDD37FEB}.Release|Any CPU.Build.0 = Release|Any CPU
		{DD385067-EC7D-42FF-89B8-EF26DDD37FEB}.Release|x64.ActiveCfg = Release|Any CPU
		{DD385067-EC7D-42FF-89B8-EF26DDD37FEB}.Release|x64.Build.0 = Release|Any CPU
		{DD385067-EC7D-42FF-89B8-EF26DDD37FEB}.Release|x86.ActiveCfg = Release|Any CPU
		{DD385067-EC7D-42FF-89B8-EF26DDD37FEB}.Release|x86.Build.0 = Release|Any CPU
		{D3F25493-3F6A-42D7-BB0A-768241A168CF}.Debug|Any CPU.ActiveCfg = Debug|Any CPU
		{D3F25493-3F6A-42D7-BB0A-768241A168CF}.Debug|Any CPU.Build.0 = Debug|Any CPU
		{D3F25493-3F6A-42D7-BB0A-768241A168CF}.Debug|x64.ActiveCfg = Debug|Any CPU
		{D3F25493-3F6A-42D7-BB0A-768241A168CF}.Debug|x64.Build.0 = Debug|Any CPU
		{D3F25493-3F6A-42D7-BB0A-768241A168CF}.Debug|x86.ActiveCfg = Debug|Any CPU
		{D3F25493-3F6A-42D7-BB0A-768241A168CF}.Debug|x86.Build.0 = Debug|Any CPU
		{D3F25493-3F6A-42D7-BB0A-768241A168CF}.Release|Any CPU.ActiveCfg = Release|Any CPU
		{D3F25493-3F6A-42D7-BB0A-768241A168CF}.Release|Any CPU.Build.0 = Release|Any CPU
		{D3F25493-3F6A-42D7-BB0A-768241A168CF}.Release|x64.ActiveCfg = Release|Any CPU
		{D3F25493-3F6A-42D7-BB0A-768241A168CF}.Release|x64.Build.0 = Release|Any CPU
		{D3F25493-3F6A-42D7-BB0A-768241A168CF}.Release|x86.ActiveCfg = Release|Any CPU
		{D3F25493-3F6A-42D7-BB0A-768241A168CF}.Release|x86.Build.0 = Release|Any CPU
		{D835F4E6-F63D-4064-BF51-220917739B10}.Debug|Any CPU.ActiveCfg = Debug|Any CPU
		{D835F4E6-F63D-4064-BF51-220917739B10}.Debug|Any CPU.Build.0 = Debug|Any CPU
		{D835F4E6-F63D-4064-BF51-220917739B10}.Debug|x64.ActiveCfg = Debug|Any CPU
		{D835F4E6-F63D-4064-BF51-220917739B10}.Debug|x64.Build.0 = Debug|Any CPU
		{D835F4E6-F63D-4064-BF51-220917739B10}.Debug|x86.ActiveCfg = Debug|Any CPU
		{D835F4E6-F63D-4064-BF51-220917739B10}.Debug|x86.Build.0 = Debug|Any CPU
		{D835F4E6-F63D-4064-BF51-220917739B10}.Release|Any CPU.ActiveCfg = Release|Any CPU
		{D835F4E6-F63D-4064-BF51-220917739B10}.Release|Any CPU.Build.0 = Release|Any CPU
		{D835F4E6-F63D-4064-BF51-220917739B10}.Release|x64.ActiveCfg = Release|Any CPU
		{D835F4E6-F63D-4064-BF51-220917739B10}.Release|x64.Build.0 = Release|Any CPU
		{D835F4E6-F63D-4064-BF51-220917739B10}.Release|x86.ActiveCfg = Release|Any CPU
		{D835F4E6-F63D-4064-BF51-220917739B10}.Release|x86.Build.0 = Release|Any CPU
		{118DB846-0A0A-4854-B09A-A52BDDC34719}.Debug|Any CPU.ActiveCfg = Debug|Any CPU
		{118DB846-0A0A-4854-B09A-A52BDDC34719}.Debug|Any CPU.Build.0 = Debug|Any CPU
		{118DB846-0A0A-4854-B09A-A52BDDC34719}.Debug|x64.ActiveCfg = Debug|Any CPU
		{118DB846-0A0A-4854-B09A-A52BDDC34719}.Debug|x64.Build.0 = Debug|Any CPU
		{118DB846-0A0A-4854-B09A-A52BDDC34719}.Debug|x86.ActiveCfg = Debug|Any CPU
		{118DB846-0A0A-4854-B09A-A52BDDC34719}.Debug|x86.Build.0 = Debug|Any CPU
		{118DB846-0A0A-4854-B09A-A52BDDC34719}.Release|Any CPU.ActiveCfg = Release|Any CPU
		{118DB846-0A0A-4854-B09A-A52BDDC34719}.Release|Any CPU.Build.0 = Release|Any CPU
		{118DB846-0A0A-4854-B09A-A52BDDC34719}.Release|x64.ActiveCfg = Release|Any CPU
		{118DB846-0A0A-4854-B09A-A52BDDC34719}.Release|x64.Build.0 = Release|Any CPU
		{118DB846-0A0A-4854-B09A-A52BDDC34719}.Release|x86.ActiveCfg = Release|Any CPU
		{118DB846-0A0A-4854-B09A-A52BDDC34719}.Release|x86.Build.0 = Release|Any CPU
		{4A5FDBD7-C67F-4860-9752-819E295CD52A}.Debug|Any CPU.ActiveCfg = Debug|Any CPU
		{4A5FDBD7-C67F-4860-9752-819E295CD52A}.Debug|Any CPU.Build.0 = Debug|Any CPU
		{4A5FDBD7-C67F-4860-9752-819E295CD52A}.Debug|x64.ActiveCfg = Debug|Any CPU
		{4A5FDBD7-C67F-4860-9752-819E295CD52A}.Debug|x64.Build.0 = Debug|Any CPU
		{4A5FDBD7-C67F-4860-9752-819E295CD52A}.Debug|x86.ActiveCfg = Debug|Any CPU
		{4A5FDBD7-C67F-4860-9752-819E295CD52A}.Debug|x86.Build.0 = Debug|Any CPU
		{4A5FDBD7-C67F-4860-9752-819E295CD52A}.Release|Any CPU.ActiveCfg = Release|Any CPU
		{4A5FDBD7-C67F-4860-9752-819E295CD52A}.Release|Any CPU.Build.0 = Release|Any CPU
		{4A5FDBD7-C67F-4860-9752-819E295CD52A}.Release|x64.ActiveCfg = Release|Any CPU
		{4A5FDBD7-C67F-4860-9752-819E295CD52A}.Release|x64.Build.0 = Release|Any CPU
		{4A5FDBD7-C67F-4860-9752-819E295CD52A}.Release|x86.ActiveCfg = Release|Any CPU
		{4A5FDBD7-C67F-4860-9752-819E295CD52A}.Release|x86.Build.0 = Release|Any CPU
		{9431778E-466A-4213-8A04-B7F7C4545629}.Debug|Any CPU.ActiveCfg = Debug|Any CPU
		{9431778E-466A-4213-8A04-B7F7C4545629}.Debug|Any CPU.Build.0 = Debug|Any CPU
		{9431778E-466A-4213-8A04-B7F7C4545629}.Debug|x64.ActiveCfg = Debug|Any CPU
		{9431778E-466A-4213-8A04-B7F7C4545629}.Debug|x64.Build.0 = Debug|Any CPU
		{9431778E-466A-4213-8A04-B7F7C4545629}.Debug|x86.ActiveCfg = Debug|Any CPU
		{9431778E-466A-4213-8A04-B7F7C4545629}.Debug|x86.Build.0 = Debug|Any CPU
		{9431778E-466A-4213-8A04-B7F7C4545629}.Release|Any CPU.ActiveCfg = Release|Any CPU
		{9431778E-466A-4213-8A04-B7F7C4545629}.Release|Any CPU.Build.0 = Release|Any CPU
		{9431778E-466A-4213-8A04-B7F7C4545629}.Release|x64.ActiveCfg = Release|Any CPU
		{9431778E-466A-4213-8A04-B7F7C4545629}.Release|x64.Build.0 = Release|Any CPU
		{9431778E-466A-4213-8A04-B7F7C4545629}.Release|x86.ActiveCfg = Release|Any CPU
		{9431778E-466A-4213-8A04-B7F7C4545629}.Release|x86.Build.0 = Release|Any CPU
		{1CBEF9B4-5758-4D8B-A979-58DF2B1A5D51}.Debug|Any CPU.ActiveCfg = Debug|Any CPU
		{1CBEF9B4-5758-4D8B-A979-58DF2B1A5D51}.Debug|Any CPU.Build.0 = Debug|Any CPU
		{1CBEF9B4-5758-4D8B-A979-58DF2B1A5D51}.Debug|x64.ActiveCfg = Debug|Any CPU
		{1CBEF9B4-5758-4D8B-A979-58DF2B1A5D51}.Debug|x64.Build.0 = Debug|Any CPU
		{1CBEF9B4-5758-4D8B-A979-58DF2B1A5D51}.Debug|x86.ActiveCfg = Debug|Any CPU
		{1CBEF9B4-5758-4D8B-A979-58DF2B1A5D51}.Debug|x86.Build.0 = Debug|Any CPU
		{1CBEF9B4-5758-4D8B-A979-58DF2B1A5D51}.Release|Any CPU.ActiveCfg = Release|Any CPU
		{1CBEF9B4-5758-4D8B-A979-58DF2B1A5D51}.Release|Any CPU.Build.0 = Release|Any CPU
		{1CBEF9B4-5758-4D8B-A979-58DF2B1A5D51}.Release|x64.ActiveCfg = Release|Any CPU
		{1CBEF9B4-5758-4D8B-A979-58DF2B1A5D51}.Release|x64.Build.0 = Release|Any CPU
		{1CBEF9B4-5758-4D8B-A979-58DF2B1A5D51}.Release|x86.ActiveCfg = Release|Any CPU
		{1CBEF9B4-5758-4D8B-A979-58DF2B1A5D51}.Release|x86.Build.0 = Release|Any CPU
		{AE8C23A1-E838-4956-B7C6-790C7774450D}.Debug|Any CPU.ActiveCfg = Debug|Any CPU
		{AE8C23A1-E838-4956-B7C6-790C7774450D}.Debug|Any CPU.Build.0 = Debug|Any CPU
		{AE8C23A1-E838-4956-B7C6-790C7774450D}.Debug|x64.ActiveCfg = Debug|Any CPU
		{AE8C23A1-E838-4956-B7C6-790C7774450D}.Debug|x64.Build.0 = Debug|Any CPU
		{AE8C23A1-E838-4956-B7C6-790C7774450D}.Debug|x86.ActiveCfg = Debug|Any CPU
		{AE8C23A1-E838-4956-B7C6-790C7774450D}.Debug|x86.Build.0 = Debug|Any CPU
		{AE8C23A1-E838-4956-B7C6-790C7774450D}.Release|Any CPU.ActiveCfg = Release|Any CPU
		{AE8C23A1-E838-4956-B7C6-790C7774450D}.Release|Any CPU.Build.0 = Release|Any CPU
		{AE8C23A1-E838-4956-B7C6-790C7774450D}.Release|x64.ActiveCfg = Release|Any CPU
		{AE8C23A1-E838-4956-B7C6-790C7774450D}.Release|x64.Build.0 = Release|Any CPU
		{AE8C23A1-E838-4956-B7C6-790C7774450D}.Release|x86.ActiveCfg = Release|Any CPU
		{AE8C23A1-E838-4956-B7C6-790C7774450D}.Release|x86.Build.0 = Release|Any CPU
		{9B96261C-1110-490E-9B31-F566D7CCAA54}.Debug|Any CPU.ActiveCfg = Debug|Any CPU
		{9B96261C-1110-490E-9B31-F566D7CCAA54}.Debug|Any CPU.Build.0 = Debug|Any CPU
		{9B96261C-1110-490E-9B31-F566D7CCAA54}.Debug|x64.ActiveCfg = Debug|Any CPU
		{9B96261C-1110-490E-9B31-F566D7CCAA54}.Debug|x64.Build.0 = Debug|Any CPU
		{9B96261C-1110-490E-9B31-F566D7CCAA54}.Debug|x86.ActiveCfg = Debug|Any CPU
		{9B96261C-1110-490E-9B31-F566D7CCAA54}.Debug|x86.Build.0 = Debug|Any CPU
		{9B96261C-1110-490E-9B31-F566D7CCAA54}.Release|Any CPU.ActiveCfg = Release|Any CPU
		{9B96261C-1110-490E-9B31-F566D7CCAA54}.Release|Any CPU.Build.0 = Release|Any CPU
		{9B96261C-1110-490E-9B31-F566D7CCAA54}.Release|x64.ActiveCfg = Release|Any CPU
		{9B96261C-1110-490E-9B31-F566D7CCAA54}.Release|x64.Build.0 = Release|Any CPU
		{9B96261C-1110-490E-9B31-F566D7CCAA54}.Release|x86.ActiveCfg = Release|Any CPU
		{9B96261C-1110-490E-9B31-F566D7CCAA54}.Release|x86.Build.0 = Release|Any CPU
		{A8958A7E-B224-A02E-D71D-3A3E021D02CE}.Debug|Any CPU.ActiveCfg = Debug|Any CPU
		{A8958A7E-B224-A02E-D71D-3A3E021D02CE}.Debug|Any CPU.Build.0 = Debug|Any CPU
		{A8958A7E-B224-A02E-D71D-3A3E021D02CE}.Debug|x64.ActiveCfg = Debug|Any CPU
		{A8958A7E-B224-A02E-D71D-3A3E021D02CE}.Debug|x64.Build.0 = Debug|Any CPU
		{A8958A7E-B224-A02E-D71D-3A3E021D02CE}.Debug|x86.ActiveCfg = Debug|Any CPU
		{A8958A7E-B224-A02E-D71D-3A3E021D02CE}.Debug|x86.Build.0 = Debug|Any CPU
		{A8958A7E-B224-A02E-D71D-3A3E021D02CE}.Release|Any CPU.ActiveCfg = Release|Any CPU
		{A8958A7E-B224-A02E-D71D-3A3E021D02CE}.Release|Any CPU.Build.0 = Release|Any CPU
		{A8958A7E-B224-A02E-D71D-3A3E021D02CE}.Release|x64.ActiveCfg = Release|Any CPU
		{A8958A7E-B224-A02E-D71D-3A3E021D02CE}.Release|x64.Build.0 = Release|Any CPU
		{A8958A7E-B224-A02E-D71D-3A3E021D02CE}.Release|x86.ActiveCfg = Release|Any CPU
		{A8958A7E-B224-A02E-D71D-3A3E021D02CE}.Release|x86.Build.0 = Release|Any CPU
	EndGlobalSection
	GlobalSection(SolutionProperties) = preSolution
		HideSolutionNode = FALSE
	EndGlobalSection
	GlobalSection(NestedProjects) = preSolution
		{DD385067-EC7D-42FF-89B8-EF26DDD37FEB} = {827E0CD3-B72D-47B6-A68D-7590B98EB39B}
		{D3F25493-3F6A-42D7-BB0A-768241A168CF} = {827E0CD3-B72D-47B6-A68D-7590B98EB39B}
		{D835F4E6-F63D-4064-BF51-220917739B10} = {827E0CD3-B72D-47B6-A68D-7590B98EB39B}
		{118DB846-0A0A-4854-B09A-A52BDDC34719} = {827E0CD3-B72D-47B6-A68D-7590B98EB39B}
		{EC447DCF-ABFA-6E24-52A5-D7FD48A5C558} = {827E0CD3-B72D-47B6-A68D-7590B98EB39B}
		{4A5FDBD7-C67F-4860-9752-819E295CD52A} = {EC447DCF-ABFA-6E24-52A5-D7FD48A5C558}
		{9431778E-466A-4213-8A04-B7F7C4545629} = {EC447DCF-ABFA-6E24-52A5-D7FD48A5C558}
		{1CBEF9B4-5758-4D8B-A979-58DF2B1A5D51} = {EC447DCF-ABFA-6E24-52A5-D7FD48A5C558}
		{AE8C23A1-E838-4956-B7C6-790C7774450D} = {EC447DCF-ABFA-6E24-52A5-D7FD48A5C558}
		{9B96261C-1110-490E-9B31-F566D7CCAA54} = {EC447DCF-ABFA-6E24-52A5-D7FD48A5C558}
		{A8958A7E-B224-A02E-D71D-3A3E021D02CE} = {EC447DCF-ABFA-6E24-52A5-D7FD48A5C558}
	EndGlobalSection
EndGlobal
